
Microsoft Visual Studio Solution File, Format Version 12.00
# Visual Studio Version 17
VisualStudioVersion = 17.11.35222.181
MinimumVisualStudioVersion = 10.0.40219.1
Project("{9A19103F-16F7-4668-BE54-9A1E7A4F7556}") = "AnimalApp", "AnimalApp\AnimalApp.csproj", "{5D472AD5-DCFF-4D29-9BD4-AB1230A926A3}"
EndProject
Project("{9A19103F-16F7-4668-BE54-9A1E7A4F7556}") = "Shapes", "Shapes\Shapes.csproj", "{E1DD2907-D831-45BA-9C3B-E9B088A66CA3}"
EndProject
Project("{9A19103F-16F7-4668-BE54-9A1E7A4F7556}") = "Banken", "Banken\Banken.csproj", "{78B0E0DD-1E45-4060-B76B-97B539D39C41}"
EndProject
Project("{9A19103F-16F7-4668-BE54-9A1E7A4F7556}") = "Poker", "Poker\Poker.csproj", "{0EEF4231-475E-40BF-86AD-D7E0833C3B5D}"
EndProject
Project("{FAE04EC0-301F-11D3-BF4B-00C04F79EFBC}") = "UserAccountsWIthBankAccount", "MultiplicationLoop\UserAccountsWIthBankAccount.csproj", "{C660284C-1B56-4F34-A039-63CF3A11C714}"
EndProject
Project("{9A19103F-16F7-4668-BE54-9A1E7A4F7556}") = "DecentApp", "DecentApp\DecentApp\DecentApp.csproj", "{E0D0B729-1C2C-4A6D-95EB-FFE38D379615}"
EndProject
Global
	GlobalSection(SolutionConfigurationPlatforms) = preSolution
		Debug|Any CPU = Debug|Any CPU
		Release|Any CPU = Release|Any CPU
	EndGlobalSection
	GlobalSection(ProjectConfigurationPlatforms) = postSolution
		{5D472AD5-DCFF-4D29-9BD4-AB1230A926A3}.Debug|Any CPU.ActiveCfg = Debug|Any CPU
		{5D472AD5-DCFF-4D29-9BD4-AB1230A926A3}.Debug|Any CPU.Build.0 = Debug|Any CPU
		{5D472AD5-DCFF-4D29-9BD4-AB1230A926A3}.Release|Any CPU.ActiveCfg = Release|Any CPU
		{5D472AD5-DCFF-4D29-9BD4-AB1230A926A3}.Release|Any CPU.Build.0 = Release|Any CPU
		{E1DD2907-D831-45BA-9C3B-E9B088A66CA3}.Debug|Any CPU.ActiveCfg = Debug|Any CPU
		{E1DD2907-D831-45BA-9C3B-E9B088A66CA3}.Debug|Any CPU.Build.0 = Debug|Any CPU
		{E1DD2907-D831-45BA-9C3B-E9B088A66CA3}.Release|Any CPU.ActiveCfg = Release|Any CPU
		{E1DD2907-D831-45BA-9C3B-E9B088A66CA3}.Release|Any CPU.Build.0 = Release|Any CPU
		{78B0E0DD-1E45-4060-B76B-97B539D39C41}.Debug|Any CPU.ActiveCfg = Debug|Any CPU
		{78B0E0DD-1E45-4060-B76B-97B539D39C41}.Debug|Any CPU.Build.0 = Debug|Any CPU
		{78B0E0DD-1E45-4060-B76B-97B539D39C41}.Release|Any CPU.ActiveCfg = Release|Any CPU
		{78B0E0DD-1E45-4060-B76B-97B539D39C41}.Release|Any CPU.Build.0 = Release|Any CPU
		{0EEF4231-475E-40BF-86AD-D7E0833C3B5D}.Debug|Any CPU.ActiveCfg = Debug|Any CPU
		{0EEF4231-475E-40BF-86AD-D7E0833C3B5D}.Debug|Any CPU.Build.0 = Debug|Any CPU
		{0EEF4231-475E-40BF-86AD-D7E0833C3B5D}.Release|Any CPU.ActiveCfg = Release|Any CPU
		{0EEF4231-475E-40BF-86AD-D7E0833C3B5D}.Release|Any CPU.Build.0 = Release|Any CPU
		{C660284C-1B56-4F34-A039-63CF3A11C714}.Debug|Any CPU.ActiveCfg = Debug|Any CPU
		{C660284C-1B56-4F34-A039-63CF3A11C714}.Debug|Any CPU.Build.0 = Debug|Any CPU
		{C660284C-1B56-4F34-A039-63CF3A11C714}.Release|Any CPU.ActiveCfg = Release|Any CPU
		{C660284C-1B56-4F34-A039-63CF3A11C714}.Release|Any CPU.Build.0 = Release|Any CPU
		{E0D0B729-1C2C-4A6D-95EB-FFE38D379615}.Debug|Any CPU.ActiveCfg = Debug|Any CPU
		{E0D0B729-1C2C-4A6D-95EB-FFE38D379615}.Debug|Any CPU.Build.0 = Debug|Any CPU
		{E0D0B729-1C2C-4A6D-95EB-FFE38D379615}.Release|Any CPU.ActiveCfg = Release|Any CPU
		{E0D0B729-1C2C-4A6D-95EB-FFE38D379615}.Release|Any CPU.Build.0 = Release|Any CPU
	EndGlobalSection
	GlobalSection(SolutionProperties) = preSolution
		HideSolutionNode = FALSE
	EndGlobalSection
	GlobalSection(ExtensibilityGlobals) = postSolution
		SolutionGuid = {F2CCF39C-9CD1-46F5-A404-E293FBE7E3F3}
	EndGlobalSection
EndGlobal
